
Microsoft Visual Studio Solution File, Format Version 12.00
# Visual Studio Version 16
VisualStudioVersion = 16.0.31911.196
MinimumVisualStudioVersion = 10.0.40219.1
Project("{9A19103F-16F7-4668-BE54-9A1E7A4F7556}") = "SchoolWeb", "SchoolWeb.csproj", "{CEF96419-D53F-4F9F-82AD-250733D6FF79}"
EndProject
Global
	GlobalSection(SolutionConfigurationPlatforms) = preSolution
		Debug|Any CPU = Debug|Any CPU
		Release|Any CPU = Release|Any CPU
	EndGlobalSection
	GlobalSection(ProjectConfigurationPlatforms) = postSolution
		{CEF96419-D53F-4F9F-82AD-250733D6FF79}.Debug|Any CPU.ActiveCfg = Debug|Any CPU
		{CEF96419-D53F-4F9F-82AD-250733D6FF79}.Debug|Any CPU.Build.0 = Debug|Any CPU
		{CEF96419-D53F-4F9F-82AD-250733D6FF79}.Release|Any CPU.ActiveCfg = Release|Any CPU
		{CEF96419-D53F-4F9F-82AD-250733D6FF79}.Release|Any CPU.Build.0 = Release|Any CPU
	EndGlobalSection
	GlobalSection(SolutionProperties) = preSolution
		HideSolutionNode = FALSE
	EndGlobalSection
	GlobalSection(ExtensibilityGlobals) = postSolution
		SolutionGuid = {7B5C5E3C-A18D-4030-8A94-AEEFBFD2F53E}
	EndGlobalSection
EndGlobal
